
Microsoft Visual Studio Solution File, Format Version 12.00
# Visual Studio Version 17
VisualStudioVersion = 17.3.32929.385
MinimumVisualStudioVersion = 10.0.40219.1
Project("{2150E333-8FDC-42A3-9474-1A3956D46DE8}") = "src", "src", "{AC9C6231-383F-4097-829C-28CAC46C2A77}"
EndProject
Project("{2150E333-8FDC-42A3-9474-1A3956D46DE8}") = "Projects", "Projects", "{E382D60D-E863-4191-96F6-00A6A1D6C9B3}"
EndProject
Project("{2150E333-8FDC-42A3-9474-1A3956D46DE8}") = "Infrastracture", "Infrastracture", "{E583DA13-A1F7-4761-A7A7-82A20C4D52EC}"
EndProject
Project("{9A19103F-16F7-4668-BE54-9A1E7A4F7556}") = "Postgre", "src\Infrastructure\Postgre\Postgre.csproj", "{864CEF0E-9163-463D-9C2D-DE662EB92376}"
EndProject
Project("{9A19103F-16F7-4668-BE54-9A1E7A4F7556}") = "Common", "src\Infrastructure\Common\Common.csproj", "{1D5961C9-FB09-4839-8A53-2B544674356B}"
EndProject
Project("{2150E333-8FDC-42A3-9474-1A3956D46DE8}") = "Core", "Core", "{9710F9F4-72D9-4A91-9591-D15105376C83}"
EndProject
Project("{9A19103F-16F7-4668-BE54-9A1E7A4F7556}") = "Domain", "src\Core\Domain\Domain.csproj", "{BB4C75E2-AD90-4973-94CC-80A1E54AC26D}"
EndProject
Project("{9A19103F-16F7-4668-BE54-9A1E7A4F7556}") = "Application", "src\Core\Application\Application.csproj", "{BEB1F0AE-CDCC-4B7E-8665-1E35B02210E0}"
EndProject
Project("{9A19103F-16F7-4668-BE54-9A1E7A4F7556}") = "Server", "src\Projects\Server\Server.csproj", "{2F031567-F429-43FA-8AFF-86E550001DA2}"
EndProject
Global
	GlobalSection(SolutionConfigurationPlatforms) = preSolution
		Debug|Any CPU = Debug|Any CPU
		Debug|x64 = Debug|x64
		Debug|x86 = Debug|x86
		Release|Any CPU = Release|Any CPU
		Release|x64 = Release|x64
		Release|x86 = Release|x86
	EndGlobalSection
	GlobalSection(ProjectConfigurationPlatforms) = postSolution
		{864CEF0E-9163-463D-9C2D-DE662EB92376}.Debug|Any CPU.ActiveCfg = Debug|Any CPU
		{864CEF0E-9163-463D-9C2D-DE662EB92376}.Debug|Any CPU.Build.0 = Debug|Any CPU
		{864CEF0E-9163-463D-9C2D-DE662EB92376}.Debug|x64.ActiveCfg = Debug|Any CPU
		{864CEF0E-9163-463D-9C2D-DE662EB92376}.Debug|x64.Build.0 = Debug|Any CPU
		{864CEF0E-9163-463D-9C2D-DE662EB92376}.Debug|x86.ActiveCfg = Debug|Any CPU
		{864CEF0E-9163-463D-9C2D-DE662EB92376}.Debug|x86.Build.0 = Debug|Any CPU
		{864CEF0E-9163-463D-9C2D-DE662EB92376}.Release|Any CPU.ActiveCfg = Release|Any CPU
		{864CEF0E-9163-463D-9C2D-DE662EB92376}.Release|Any CPU.Build.0 = Release|Any CPU
		{864CEF0E-9163-463D-9C2D-DE662EB92376}.Release|x64.ActiveCfg = Release|Any CPU
		{864CEF0E-9163-463D-9C2D-DE662EB92376}.Release|x64.Build.0 = Release|Any CPU
		{864CEF0E-9163-463D-9C2D-DE662EB92376}.Release|x86.ActiveCfg = Release|Any CPU
		{864CEF0E-9163-463D-9C2D-DE662EB92376}.Release|x86.Build.0 = Release|Any CPU
		{1D5961C9-FB09-4839-8A53-2B544674356B}.Debug|Any CPU.ActiveCfg = Debug|Any CPU
		{1D5961C9-FB09-4839-8A53-2B544674356B}.Debug|Any CPU.Build.0 = Debug|Any CPU
		{1D5961C9-FB09-4839-8A53-2B544674356B}.Debug|x64.ActiveCfg = Debug|Any CPU
		{1D5961C9-FB09-4839-8A53-2B544674356B}.Debug|x64.Build.0 = Debug|Any CPU
		{1D5961C9-FB09-4839-8A53-2B544674356B}.Debug|x86.ActiveCfg = Debug|Any CPU
		{1D5961C9-FB09-4839-8A53-2B544674356B}.Debug|x86.Build.0 = Debug|Any CPU
		{1D5961C9-FB09-4839-8A53-2B544674356B}.Release|Any CPU.ActiveCfg = Release|Any CPU
		{1D5961C9-FB09-4839-8A53-2B544674356B}.Release|Any CPU.Build.0 = Release|Any CPU
		{1D5961C9-FB09-4839-8A53-2B544674356B}.Release|x64.ActiveCfg = Release|Any CPU
		{1D5961C9-FB09-4839-8A53-2B544674356B}.Release|x64.Build.0 = Release|Any CPU
		{1D5961C9-FB09-4839-8A53-2B544674356B}.Release|x86.ActiveCfg = Release|Any CPU
		{1D5961C9-FB09-4839-8A53-2B544674356B}.Release|x86.Build.0 = Release|Any CPU
		{BB4C75E2-AD90-4973-94CC-80A1E54AC26D}.Debug|Any CPU.ActiveCfg = Debug|Any CPU
		{BB4C75E2-AD90-4973-94CC-80A1E54AC26D}.Debug|Any CPU.Build.0 = Debug|Any CPU
		{BB4C75E2-AD90-4973-94CC-80A1E54AC26D}.Debug|x64.ActiveCfg = Debug|Any CPU
		{BB4C75E2-AD90-4973-94CC-80A1E54AC26D}.Debug|x64.Build.0 = Debug|Any CPU
		{BB4C75E2-AD90-4973-94CC-80A1E54AC26D}.Debug|x86.ActiveCfg = Debug|Any CPU
		{BB4C75E2-AD90-4973-94CC-80A1E54AC26D}.Debug|x86.Build.0 = Debug|Any CPU
		{BB4C75E2-AD90-4973-94CC-80A1E54AC26D}.Release|Any CPU.ActiveCfg = Release|Any CPU
		{BB4C75E2-AD90-4973-94CC-80A1E54AC26D}.Release|Any CPU.Build.0 = Release|Any CPU
		{BB4C75E2-AD90-4973-94CC-80A1E54AC26D}.Release|x64.ActiveCfg = Release|Any CPU
		{BB4C75E2-AD90-4973-94CC-80A1E54AC26D}.Release|x64.Build.0 = Release|Any CPU
		{BB4C75E2-AD90-4973-94CC-80A1E54AC26D}.Release|x86.ActiveCfg = Release|Any CPU
		{BB4C75E2-AD90-4973-94CC-80A1E54AC26D}.Release|x86.Build.0 = Release|Any CPU
		{BEB1F0AE-CDCC-4B7E-8665-1E35B02210E0}.Debug|Any CPU.ActiveCfg = Debug|Any CPU
		{BEB1F0AE-CDCC-4B7E-8665-1E35B02210E0}.Debug|Any CPU.Build.0 = Debug|Any CPU
		{BEB1F0AE-CDCC-4B7E-8665-1E35B02210E0}.Debug|x64.ActiveCfg = Debug|Any CPU
		{BEB1F0AE-CDCC-4B7E-8665-1E35B02210E0}.Debug|x64.Build.0 = Debug|Any CPU
		{BEB1F0AE-CDCC-4B7E-8665-1E35B02210E0}.Debug|x86.ActiveCfg = Debug|Any CPU
		{BEB1F0AE-CDCC-4B7E-8665-1E35B02210E0}.Debug|x86.Build.0 = Debug|Any CPU
		{BEB1F0AE-CDCC-4B7E-8665-1E35B02210E0}.Release|Any CPU.ActiveCfg = Release|Any CPU
		{BEB1F0AE-CDCC-4B7E-8665-1E35B02210E0}.Release|Any CPU.Build.0 = Release|Any CPU
		{BEB1F0AE-CDCC-4B7E-8665-1E35B02210E0}.Release|x64.ActiveCfg = Release|Any CPU
		{BEB1F0AE-CDCC-4B7E-8665-1E35B02210E0}.Release|x64.Build.0 = Release|Any CPU
		{BEB1F0AE-CDCC-4B7E-8665-1E35B02210E0}.Release|x86.ActiveCfg = Release|Any CPU
		{BEB1F0AE-CDCC-4B7E-8665-1E35B02210E0}.Release|x86.Build.0 = Release|Any CPU
		{2F031567-F429-43FA-8AFF-86E550001DA2}.Debug|Any CPU.ActiveCfg = Debug|Any CPU
		{2F031567-F429-43FA-8AFF-86E550001DA2}.Debug|Any CPU.Build.0 = Debug|Any CPU
		{2F031567-F429-43FA-8AFF-86E550001DA2}.Debug|x64.ActiveCfg = Debug|Any CPU
		{2F031567-F429-43FA-8AFF-86E550001DA2}.Debug|x64.Build.0 = Debug|Any CPU
		{2F031567-F429-43FA-8AFF-86E550001DA2}.Debug|x86.ActiveCfg = Debug|Any CPU
		{2F031567-F429-43FA-8AFF-86E550001DA2}.Debug|x86.Build.0 = Debug|Any CPU
		{2F031567-F429-43FA-8AFF-86E550001DA2}.Release|Any CPU.ActiveCfg = Release|Any CPU
		{2F031567-F429-43FA-8AFF-86E550001DA2}.Release|Any CPU.Build.0 = Release|Any CPU
		{2F031567-F429-43FA-8AFF-86E550001DA2}.Release|x64.ActiveCfg = Release|Any CPU
		{2F031567-F429-43FA-8AFF-86E550001DA2}.Release|x64.Build.0 = Release|Any CPU
		{2F031567-F429-43FA-8AFF-86E550001DA2}.Release|x86.ActiveCfg = Release|Any CPU
		{2F031567-F429-43FA-8AFF-86E550001DA2}.Release|x86.Build.0 = Release|Any CPU
	EndGlobalSection
	GlobalSection(SolutionProperties) = preSolution
		HideSolutionNode = FALSE
	EndGlobalSection
	GlobalSection(NestedProjects) = preSolution
		{E382D60D-E863-4191-96F6-00A6A1D6C9B3} = {AC9C6231-383F-4097-829C-28CAC46C2A77}
		{E583DA13-A1F7-4761-A7A7-82A20C4D52EC} = {AC9C6231-383F-4097-829C-28CAC46C2A77}
		{864CEF0E-9163-463D-9C2D-DE662EB92376} = {E583DA13-A1F7-4761-A7A7-82A20C4D52EC}
		{1D5961C9-FB09-4839-8A53-2B544674356B} = {E583DA13-A1F7-4761-A7A7-82A20C4D52EC}
		{9710F9F4-72D9-4A91-9591-D15105376C83} = {AC9C6231-383F-4097-829C-28CAC46C2A77}
		{BB4C75E2-AD90-4973-94CC-80A1E54AC26D} = {9710F9F4-72D9-4A91-9591-D15105376C83}
		{BEB1F0AE-CDCC-4B7E-8665-1E35B02210E0} = {9710F9F4-72D9-4A91-9591-D15105376C83}
		{2F031567-F429-43FA-8AFF-86E550001DA2} = {E382D60D-E863-4191-96F6-00A6A1D6C9B3}
	EndGlobalSection
	GlobalSection(ExtensibilityGlobals) = postSolution
		SolutionGuid = {674BB2B3-1C62-48CB-AF14-CA09F678F9D8}
	EndGlobalSection
EndGlobal
